{
  "name": "lo-platform-adapters-workspace",
  "lockfileVersion": 3,
  "requires": true,
  "packages": {
    "": {
      "name": "lo-platform-adapters-workspace",
      "license": "MIT",
      "workspaces": [
        "packages/*"
      ],
      "devDependencies": {
        "@lo/miniapp-sdk": "file:vendor/lo-miniapp-sdk-0.19.0.tgz",
        "prettier": "3.6.2",
        "typescript": "5.9.3"
      }
    },
    "node_modules/@lo/adapter-lo": {
      "resolved": "packages/lo",
      "link": true
    },
    "node_modules/@lo/adapter-telegram": {
      "resolved": "packages/telegram",
      "link": true
    },
    "node_modules/@lo/adapter-vk": {
      "resolved": "packages/vk",
      "link": true
    },
    "node_modules/@lo/adapter-webapp-compat": {
      "resolved": "packages/compat",
      "link": true
    },
    "node_modules/@lo/bot-http-lo": {
      "resolved": "packages/bot-http-lo",
      "link": true
    },
    "node_modules/@lo/bot-sdk": {
      "version": "0.1.0",
      "resolved": "file:packages/bot-http-lo/vendor/lo-bot-sdk-0.1.0.tgz",
      "integrity": "sha512-DU22Vi/1j/ObB8HDxoDjaTF18nRaXa8I9FVlwqXSJFC73dhLPYnC3jD5+SShHNa7pQf6q2mCr6D01pfCzO9nZg==",
      "dev": true,
      "license": "MIT",
      "engines": {
        "node": ">=22"
      }
    },
    "node_modules/@lo/miniapp-sdk": {
      "version": "0.19.0",
      "resolved": "file:vendor/lo-miniapp-sdk-0.19.0.tgz",
      "integrity": "sha512-jyOP5rBCJEBgEjALQ51z/m1nACGZ+k/5CMEqhMZE6g9CK0YLCIfi2lqm6wZctMd8/YR9XjqtxXOEeUHiU00SRQ==",
      "license": "MIT",
      "engines": {
        "node": ">=20"
      }
    },
    "node_modules/@swc/helpers": {
      "version": "0.5.23",
      "resolved": "https://registry.npmjs.org/@swc/helpers/-/helpers-0.5.23.tgz",
      "integrity": "sha512-5lSsMOTXURePglDfvuAQUqkGek9Hg2kksOYay2m0+XR++b2NWYL/4sWyuvVBIs8oKnJaxkdi9whaL/sqN13afw==",
      "dev": true,
      "license": "Apache-2.0",
      "dependencies": {
        "tslib": "^2.8.0"
      }
    },
    "node_modules/@vkontakte/vk-bridge": {
      "version": "3.0.2",
      "resolved": "https://registry.npmjs.org/@vkontakte/vk-bridge/-/vk-bridge-3.0.2.tgz",
      "integrity": "sha512-MTp+nl0/jH4Sa2TXDyxNfy9VkhOhRQR1oQ4yhvthVDA4aWUa26npns7bRgfTuR3xDVGFiqW7zAwLnwcv3mL+dA==",
      "dev": true,
      "license": "MIT",
      "dependencies": {
        "@swc/helpers": "^0.5.21"
      }
    },
    "node_modules/prettier": {
      "version": "3.6.2",
      "resolved": "https://registry.npmjs.org/prettier/-/prettier-3.6.2.tgz",
      "integrity": "sha512-I7AIg5boAr5R0FFtJ6rCfD+LFsWHp81dolrFD8S79U9tb8Az2nGrJncnMSnys+bpQJfRUzqs9hnA81OAA3hCuQ==",
      "dev": true,
      "license": "MIT",
      "bin": {
        "prettier": "bin/prettier.cjs"
      },
      "engines": {
        "node": ">=14"
      },
      "funding": {
        "url": "https://github.com/prettier/prettier?sponsor=1"
      }
    },
    "node_modules/tslib": {
      "version": "2.8.1",
      "resolved": "https://registry.npmjs.org/tslib/-/tslib-2.8.1.tgz",
      "integrity": "sha512-oJFu94HQb+KVduSUQL7wnpmqnfmLsOA/nAh6b6EH0wCEoK0/mPeXU6c3wKDV83MkOuHPRHtSXKKU99IBazS/2w==",
      "dev": true,
      "license": "0BSD"
    },
    "node_modules/typescript": {
      "version": "5.9.3",
      "resolved": "https://registry.npmjs.org/typescript/-/typescript-5.9.3.tgz",
      "integrity": "sha512-jl1vZzPDinLr9eUt3J/t7V6FgNEw9QjvBPdysz9KfQDD41fQrC2Y4vKQdiaUpFT4bXlb1RHhLpp8wtm6M5TgSw==",
      "dev": true,
      "license": "Apache-2.0",
      "bin": {
        "tsc": "bin/tsc",
        "tsserver": "bin/tsserver"
      },
      "engines": {
        "node": ">=14.17"
      }
    },
    "packages/bot-http-lo": {
      "name": "@lo/bot-http-lo",
      "version": "0.1.0",
      "license": "MIT",
      "devDependencies": {
        "@lo/bot-sdk": "file:vendor/lo-bot-sdk-0.1.0.tgz",
        "typescript": "5.9.3"
      },
      "engines": {
        "node": ">=22"
      },
      "peerDependencies": {
        "@lo/bot-sdk": "^0.1.0"
      }
    },
    "packages/compat": {
      "name": "@lo/adapter-webapp-compat",
      "version": "0.19.0",
      "license": "MIT",
      "engines": {
        "node": ">=20"
      },
      "peerDependencies": {
        "@lo/miniapp-sdk": "^0.19.0"
      }
    },
    "packages/lo": {
      "name": "@lo/adapter-lo",
      "version": "0.20.0",
      "license": "MIT",
      "dependencies": {
        "@lo/adapter-webapp-compat": "0.19.0"
      },
      "engines": {
        "node": ">=20"
      },
      "peerDependencies": {
        "@lo/miniapp-sdk": "^0.19.0"
      }
    },
    "packages/telegram": {
      "name": "@lo/adapter-telegram",
      "version": "0.19.0",
      "license": "MIT",
      "dependencies": {
        "@lo/adapter-webapp-compat": "0.19.0"
      },
      "engines": {
        "node": ">=20"
      },
      "peerDependencies": {
        "@lo/miniapp-sdk": "^0.19.0"
      }
    },
    "packages/vk": {
      "name": "@lo/adapter-vk",
      "version": "0.19.0",
      "license": "MIT",
      "devDependencies": {
        "@vkontakte/vk-bridge": "3.0.2"
      },
      "engines": {
        "node": ">=20"
      },
      "peerDependencies": {
        "@lo/miniapp-sdk": "^0.19.0",
        "@vkontakte/vk-bridge": "^3.0.2"
      }
    }
  }
}
