{
  "name": "lo-native-miniapp-consumer",
  "lockfileVersion": 3,
  "requires": true,
  "packages": {
    "": {
      "name": "lo-native-miniapp-consumer",
      "dependencies": {
        "@lo-ink/miniapp-sdk": "0.23.0"
      },
      "engines": {
        "node": ">=22.13"
      }
    },
    "node_modules/@lo-ink/miniapp-sdk": {
      "version": "0.23.0",
      "resolved": "https://registry.npmjs.org/@lo-ink/miniapp-sdk/-/miniapp-sdk-0.23.0.tgz",
      "integrity": "sha512-Co6UysaCETXdi+u7QxOPBrRQ430RaOQCXeyGQdyNa8uagCw4NQcGlUTSP881ui79ohEVOuPY6uOvtmRQVBPYDw==",
      "license": "MIT",
      "engines": {
        "node": ">=22.13"
      }
    }
  }
}
